
Microsoft Visual Studio Solution File, Format Version 12.00
# Visual Studio 15
VisualStudioVersion = 15.0.26124.0
MinimumVisualStudioVersion = 15.0.26124.0
Project("{F2A71F9B-5D33-465A-A702-920D77279786}") = "Spotify.Console", "src\Spotify.Console\Spotify.Console.fsproj", "{6AE8A1CB-9D8D-4B51-A4F5-375DCC79731A}"
EndProject
Project("{F2A71F9B-5D33-465A-A702-920D77279786}") = "Spotify.Dbus", "src\Spotify.Dbus\Spotify.Dbus.fsproj", "{CF5A8FD9-5A43-46C7-ABCE-C054F0761A3A}"
EndProject
Project("{2150E333-8FDC-42A3-9474-1A3956D46DE8}") = "src", "src", "{8EF409DB-787B-4519-9E32-CA291190111D}"
EndProject
Project("{2150E333-8FDC-42A3-9474-1A3956D46DE8}") = "tests", "tests", "{C690E685-9A11-4A6E-A8A6-1D0B1FD496A4}"
EndProject
Project("{F2A71F9B-5D33-465A-A702-920D77279786}") = "Spotify.Tests", "tests\Spotify.Tests\Spotify.Tests.fsproj", "{199010F1-4D49-44A7-9591-A77F939377E7}"
EndProject
Project("{2150E333-8FDC-42A3-9474-1A3956D46DE8}") = ".doc", ".doc", "{3AA739B1-93FE-4EE0-B672-24DF9EBE6D5A}"
ProjectSection(SolutionItems) = preProject
	README.md = README.md
	.gitignore = .gitignore
	.github\workflows\dotnet-core.yml = .github\workflows\dotnet-core.yml
EndProjectSection
EndProject
Project("{F2A71F9B-5D33-465A-A702-920D77279786}") = "Learning.Lyrics", "tests\Learning.Lyrics\Learning.Lyrics.fsproj", "{97776098-95C2-450D-A577-1DF973DDC595}"
EndProject
Project("{F2A71F9B-5D33-465A-A702-920D77279786}") = "Lyrics.CanaradoApi", "src\Lyrics.CanaradoApi\Lyrics.CanaradoApi.fsproj", "{A5588CA8-FCBD-4D58-AD8B-238C93C61415}"
EndProject
Project("{F2A71F9B-5D33-465A-A702-920D77279786}") = "Lyrics.CanaradoApi.Tests", "tests\Lyrics.CanaradoApi.Tests\Lyrics.CanaradoApi.Tests.fsproj", "{07B9F0D5-7681-4D0E-87D7-3376BD27378F}"
EndProject
Global
	GlobalSection(SolutionConfigurationPlatforms) = preSolution
		Debug|Any CPU = Debug|Any CPU
		Debug|x64 = Debug|x64
		Debug|x86 = Debug|x86
		Release|Any CPU = Release|Any CPU
		Release|x64 = Release|x64
		Release|x86 = Release|x86
	EndGlobalSection
	GlobalSection(SolutionProperties) = preSolution
		HideSolutionNode = FALSE
	EndGlobalSection
	GlobalSection(ProjectConfigurationPlatforms) = postSolution
		{6AE8A1CB-9D8D-4B51-A4F5-375DCC79731A}.Debug|Any CPU.ActiveCfg = Debug|Any CPU
		{6AE8A1CB-9D8D-4B51-A4F5-375DCC79731A}.Debug|Any CPU.Build.0 = Debug|Any CPU
		{6AE8A1CB-9D8D-4B51-A4F5-375DCC79731A}.Debug|x64.ActiveCfg = Debug|Any CPU
		{6AE8A1CB-9D8D-4B51-A4F5-375DCC79731A}.Debug|x64.Build.0 = Debug|Any CPU
		{6AE8A1CB-9D8D-4B51-A4F5-375DCC79731A}.Debug|x86.ActiveCfg = Debug|Any CPU
		{6AE8A1CB-9D8D-4B51-A4F5-375DCC79731A}.Debug|x86.Build.0 = Debug|Any CPU
		{6AE8A1CB-9D8D-4B51-A4F5-375DCC79731A}.Release|Any CPU.ActiveCfg = Release|Any CPU
		{6AE8A1CB-9D8D-4B51-A4F5-375DCC79731A}.Release|Any CPU.Build.0 = Release|Any CPU
		{6AE8A1CB-9D8D-4B51-A4F5-375DCC79731A}.Release|x64.ActiveCfg = Release|Any CPU
		{6AE8A1CB-9D8D-4B51-A4F5-375DCC79731A}.Release|x64.Build.0 = Release|Any CPU
		{6AE8A1CB-9D8D-4B51-A4F5-375DCC79731A}.Release|x86.ActiveCfg = Release|Any CPU
		{6AE8A1CB-9D8D-4B51-A4F5-375DCC79731A}.Release|x86.Build.0 = Release|Any CPU
		{CF5A8FD9-5A43-46C7-ABCE-C054F0761A3A}.Debug|Any CPU.ActiveCfg = Debug|Any CPU
		{CF5A8FD9-5A43-46C7-ABCE-C054F0761A3A}.Debug|Any CPU.Build.0 = Debug|Any CPU
		{CF5A8FD9-5A43-46C7-ABCE-C054F0761A3A}.Debug|x64.ActiveCfg = Debug|Any CPU
		{CF5A8FD9-5A43-46C7-ABCE-C054F0761A3A}.Debug|x64.Build.0 = Debug|Any CPU
		{CF5A8FD9-5A43-46C7-ABCE-C054F0761A3A}.Debug|x86.ActiveCfg = Debug|Any CPU
		{CF5A8FD9-5A43-46C7-ABCE-C054F0761A3A}.Debug|x86.Build.0 = Debug|Any CPU
		{CF5A8FD9-5A43-46C7-ABCE-C054F0761A3A}.Release|Any CPU.ActiveCfg = Release|Any CPU
		{CF5A8FD9-5A43-46C7-ABCE-C054F0761A3A}.Release|Any CPU.Build.0 = Release|Any CPU
		{CF5A8FD9-5A43-46C7-ABCE-C054F0761A3A}.Release|x64.ActiveCfg = Release|Any CPU
		{CF5A8FD9-5A43-46C7-ABCE-C054F0761A3A}.Release|x64.Build.0 = Release|Any CPU
		{CF5A8FD9-5A43-46C7-ABCE-C054F0761A3A}.Release|x86.ActiveCfg = Release|Any CPU
		{CF5A8FD9-5A43-46C7-ABCE-C054F0761A3A}.Release|x86.Build.0 = Release|Any CPU
		{199010F1-4D49-44A7-9591-A77F939377E7}.Debug|Any CPU.ActiveCfg = Debug|Any CPU
		{199010F1-4D49-44A7-9591-A77F939377E7}.Debug|Any CPU.Build.0 = Debug|Any CPU
		{199010F1-4D49-44A7-9591-A77F939377E7}.Debug|x64.ActiveCfg = Debug|Any CPU
		{199010F1-4D49-44A7-9591-A77F939377E7}.Debug|x64.Build.0 = Debug|Any CPU
		{199010F1-4D49-44A7-9591-A77F939377E7}.Debug|x86.ActiveCfg = Debug|Any CPU
		{199010F1-4D49-44A7-9591-A77F939377E7}.Debug|x86.Build.0 = Debug|Any CPU
		{199010F1-4D49-44A7-9591-A77F939377E7}.Release|Any CPU.ActiveCfg = Release|Any CPU
		{199010F1-4D49-44A7-9591-A77F939377E7}.Release|Any CPU.Build.0 = Release|Any CPU
		{199010F1-4D49-44A7-9591-A77F939377E7}.Release|x64.ActiveCfg = Release|Any CPU
		{199010F1-4D49-44A7-9591-A77F939377E7}.Release|x64.Build.0 = Release|Any CPU
		{199010F1-4D49-44A7-9591-A77F939377E7}.Release|x86.ActiveCfg = Release|Any CPU
		{199010F1-4D49-44A7-9591-A77F939377E7}.Release|x86.Build.0 = Release|Any CPU
		{97776098-95C2-450D-A577-1DF973DDC595}.Debug|Any CPU.ActiveCfg = Debug|Any CPU
		{97776098-95C2-450D-A577-1DF973DDC595}.Debug|Any CPU.Build.0 = Debug|Any CPU
		{97776098-95C2-450D-A577-1DF973DDC595}.Debug|x64.ActiveCfg = Debug|Any CPU
		{97776098-95C2-450D-A577-1DF973DDC595}.Debug|x64.Build.0 = Debug|Any CPU
		{97776098-95C2-450D-A577-1DF973DDC595}.Debug|x86.ActiveCfg = Debug|Any CPU
		{97776098-95C2-450D-A577-1DF973DDC595}.Debug|x86.Build.0 = Debug|Any CPU
		{97776098-95C2-450D-A577-1DF973DDC595}.Release|Any CPU.ActiveCfg = Release|Any CPU
		{97776098-95C2-450D-A577-1DF973DDC595}.Release|Any CPU.Build.0 = Release|Any CPU
		{97776098-95C2-450D-A577-1DF973DDC595}.Release|x64.ActiveCfg = Release|Any CPU
		{97776098-95C2-450D-A577-1DF973DDC595}.Release|x64.Build.0 = Release|Any CPU
		{97776098-95C2-450D-A577-1DF973DDC595}.Release|x86.ActiveCfg = Release|Any CPU
		{97776098-95C2-450D-A577-1DF973DDC595}.Release|x86.Build.0 = Release|Any CPU
		{A5588CA8-FCBD-4D58-AD8B-238C93C61415}.Debug|Any CPU.ActiveCfg = Debug|Any CPU
		{A5588CA8-FCBD-4D58-AD8B-238C93C61415}.Debug|Any CPU.Build.0 = Debug|Any CPU
		{A5588CA8-FCBD-4D58-AD8B-238C93C61415}.Debug|x64.ActiveCfg = Debug|Any CPU
		{A5588CA8-FCBD-4D58-AD8B-238C93C61415}.Debug|x64.Build.0 = Debug|Any CPU
		{A5588CA8-FCBD-4D58-AD8B-238C93C61415}.Debug|x86.ActiveCfg = Debug|Any CPU
		{A5588CA8-FCBD-4D58-AD8B-238C93C61415}.Debug|x86.Build.0 = Debug|Any CPU
		{A5588CA8-FCBD-4D58-AD8B-238C93C61415}.Release|Any CPU.ActiveCfg = Release|Any CPU
		{A5588CA8-FCBD-4D58-AD8B-238C93C61415}.Release|Any CPU.Build.0 = Release|Any CPU
		{A5588CA8-FCBD-4D58-AD8B-238C93C61415}.Release|x64.ActiveCfg = Release|Any CPU
		{A5588CA8-FCBD-4D58-AD8B-238C93C61415}.Release|x64.Build.0 = Release|Any CPU
		{A5588CA8-FCBD-4D58-AD8B-238C93C61415}.Release|x86.ActiveCfg = Release|Any CPU
		{A5588CA8-FCBD-4D58-AD8B-238C93C61415}.Release|x86.Build.0 = Release|Any CPU
		{07B9F0D5-7681-4D0E-87D7-3376BD27378F}.Debug|Any CPU.ActiveCfg = Debug|Any CPU
		{07B9F0D5-7681-4D0E-87D7-3376BD27378F}.Debug|Any CPU.Build.0 = Debug|Any CPU
		{07B9F0D5-7681-4D0E-87D7-3376BD27378F}.Debug|x64.ActiveCfg = Debug|Any CPU
		{07B9F0D5-7681-4D0E-87D7-3376BD27378F}.Debug|x64.Build.0 = Debug|Any CPU
		{07B9F0D5-7681-4D0E-87D7-3376BD27378F}.Debug|x86.ActiveCfg = Debug|Any CPU
		{07B9F0D5-7681-4D0E-87D7-3376BD27378F}.Debug|x86.Build.0 = Debug|Any CPU
		{07B9F0D5-7681-4D0E-87D7-3376BD27378F}.Release|Any CPU.ActiveCfg = Release|Any CPU
		{07B9F0D5-7681-4D0E-87D7-3376BD27378F}.Release|Any CPU.Build.0 = Release|Any CPU
		{07B9F0D5-7681-4D0E-87D7-3376BD27378F}.Release|x64.ActiveCfg = Release|Any CPU
		{07B9F0D5-7681-4D0E-87D7-3376BD27378F}.Release|x64.Build.0 = Release|Any CPU
		{07B9F0D5-7681-4D0E-87D7-3376BD27378F}.Release|x86.ActiveCfg = Release|Any CPU
		{07B9F0D5-7681-4D0E-87D7-3376BD27378F}.Release|x86.Build.0 = Release|Any CPU
	EndGlobalSection
	GlobalSection(NestedProjects) = preSolution
		{6AE8A1CB-9D8D-4B51-A4F5-375DCC79731A} = {8EF409DB-787B-4519-9E32-CA291190111D}
		{CF5A8FD9-5A43-46C7-ABCE-C054F0761A3A} = {8EF409DB-787B-4519-9E32-CA291190111D}
		{199010F1-4D49-44A7-9591-A77F939377E7} = {C690E685-9A11-4A6E-A8A6-1D0B1FD496A4}
		{97776098-95C2-450D-A577-1DF973DDC595} = {C690E685-9A11-4A6E-A8A6-1D0B1FD496A4}
		{A5588CA8-FCBD-4D58-AD8B-238C93C61415} = {8EF409DB-787B-4519-9E32-CA291190111D}
		{07B9F0D5-7681-4D0E-87D7-3376BD27378F} = {C690E685-9A11-4A6E-A8A6-1D0B1FD496A4}
	EndGlobalSection
EndGlobal
